
Microsoft Visual Studio Solution File, Format Version 12.00
# Visual Studio 15
VisualStudioVersion = 15.0.26403.7
MinimumVisualStudioVersion = 10.0.40219.1
Project("{FAE04EC0-301F-11D3-BF4B-00C04F79EFBC}") = "XamarinForms_CognitiveServices_Sample.Android", "XamarinForms-CognitiveServices-Sample\XamarinForms_CognitiveServices_Sample.Android\XamarinForms_CognitiveServices_Sample.Android.csproj", "{DEB4C867-4248-4097-9557-072B81808F4E}"
EndProject
Project("{FAE04EC0-301F-11D3-BF4B-00C04F79EFBC}") = "XamarinForms_CognitiveServices_Sample", "XamarinForms-CognitiveServices-Sample\XamarinForms_CognitiveServices_Sample\XamarinForms_CognitiveServices_Sample.csproj", "{5F90F0C1-C24F-4D82-9CE2-950CBC3D83FF}"
EndProject
Project("{FAE04EC0-301F-11D3-BF4B-00C04F79EFBC}") = "XamarinForms_CognitiveServices_Sample.UWP", "XamarinForms-CognitiveServices-Sample\XamarinForms_CognitiveServices_Sample.UWP\XamarinForms_CognitiveServices_Sample.UWP.csproj", "{E93244A6-3670-49A6-880B-A167BF3FE837}"
EndProject
Project("{FAE04EC0-301F-11D3-BF4B-00C04F79EFBC}") = "XamarinForms_CognitiveServices_Sample.iOS", "XamarinForms-CognitiveServices-Sample\XamarinForms_CognitiveServices_Sample.iOS\XamarinForms_CognitiveServices_Sample.iOS.csproj", "{0C0E10AA-67BF-4527-BA13-42DED8923BF7}"
EndProject
Global
	GlobalSection(SolutionConfigurationPlatforms) = preSolution
		Ad-Hoc|Any CPU = Ad-Hoc|Any CPU
		Ad-Hoc|ARM = Ad-Hoc|ARM
		Ad-Hoc|iPhone = Ad-Hoc|iPhone
		Ad-Hoc|iPhoneSimulator = Ad-Hoc|iPhoneSimulator
		Ad-Hoc|x64 = Ad-Hoc|x64
		Ad-Hoc|x86 = Ad-Hoc|x86
		AppStore|Any CPU = AppStore|Any CPU
		AppStore|ARM = AppStore|ARM
		AppStore|iPhone = AppStore|iPhone
		AppStore|iPhoneSimulator = AppStore|iPhoneSimulator
		AppStore|x64 = AppStore|x64
		AppStore|x86 = AppStore|x86
		Debug|Any CPU = Debug|Any CPU
		Debug|ARM = Debug|ARM
		Debug|iPhone = Debug|iPhone
		Debug|iPhoneSimulator = Debug|iPhoneSimulator
		Debug|x64 = Debug|x64
		Debug|x86 = Debug|x86
		Release|Any CPU = Release|Any CPU
		Release|ARM = Release|ARM
		Release|iPhone = Release|iPhone
		Release|iPhoneSimulator = Release|iPhoneSimulator
		Release|x64 = Release|x64
		Release|x86 = Release|x86
	EndGlobalSection
	GlobalSection(ProjectConfigurationPlatforms) = postSolution
		{DEB4C867-4248-4097-9557-072B81808F4E}.Ad-Hoc|Any CPU.ActiveCfg = Release|Any CPU
		{DEB4C867-4248-4097-9557-072B81808F4E}.Ad-Hoc|Any CPU.Build.0 = Release|Any CPU
		{DEB4C867-4248-4097-9557-072B81808F4E}.Ad-Hoc|Any CPU.Deploy.0 = Release|Any CPU
		{DEB4C867-4248-4097-9557-072B81808F4E}.Ad-Hoc|ARM.ActiveCfg = Release|Any CPU
		{DEB4C867-4248-4097-9557-072B81808F4E}.Ad-Hoc|ARM.Build.0 = Release|Any CPU
		{DEB4C867-4248-4097-9557-072B81808F4E}.Ad-Hoc|ARM.Deploy.0 = Release|Any CPU
		{DEB4C867-4248-4097-9557-072B81808F4E}.Ad-Hoc|iPhone.ActiveCfg = Release|Any CPU
		{DEB4C867-4248-4097-9557-072B81808F4E}.Ad-Hoc|iPhone.Build.0 = Release|Any CPU
		{DEB4C867-4248-4097-9557-072B81808F4E}.Ad-Hoc|iPhone.Deploy.0 = Release|Any CPU
		{DEB4C867-4248-4097-9557-072B81808F4E}.Ad-Hoc|iPhoneSimulator.ActiveCfg = Release|Any CPU
		{DEB4C867-4248-4097-9557-072B81808F4E}.Ad-Hoc|iPhoneSimulator.Build.0 = Release|Any CPU
		{DEB4C867-4248-4097-9557-072B81808F4E}.Ad-Hoc|iPhoneSimulator.Deploy.0 = Release|Any CPU
		{DEB4C867-4248-4097-9557-072B81808F4E}.Ad-Hoc|x64.ActiveCfg = Release|Any CPU
		{DEB4C867-4248-4097-9557-072B81808F4E}.Ad-Hoc|x64.Build.0 = Release|Any CPU
		{DEB4C867-4248-4097-9557-072B81808F4E}.Ad-Hoc|x64.Deploy.0 = Release|Any CPU
		{DEB4C867-4248-4097-9557-072B81808F4E}.Ad-Hoc|x86.ActiveCfg = Release|Any CPU
		{DEB4C867-4248-4097-9557-072B81808F4E}.Ad-Hoc|x86.Build.0 = Release|Any CPU
		{DEB4C867-4248-4097-9557-072B81808F4E}.Ad-Hoc|x86.Deploy.0 = Release|Any CPU
		{DEB4C867-4248-4097-9557-072B81808F4E}.AppStore|Any CPU.ActiveCfg = Release|Any CPU
		{DEB4C867-4248-4097-9557-072B81808F4E}.AppStore|Any CPU.Build.0 = Release|Any CPU
		{DEB4C867-4248-4097-9557-072B81808F4E}.AppStore|Any CPU.Deploy.0 = Release|Any CPU
		{DEB4C867-4248-4097-9557-072B81808F4E}.AppStore|ARM.ActiveCfg = Release|Any CPU
		{DEB4C867-4248-4097-9557-072B81808F4E}.AppStore|ARM.Build.0 = Release|Any CPU
		{DEB4C867-4248-4097-9557-072B81808F4E}.AppStore|ARM.Deploy.0 = Release|Any CPU
		{DEB4C867-4248-4097-9557-072B81808F4E}.AppStore|iPhone.ActiveCfg = Release|Any CPU
		{DEB4C867-4248-4097-9557-072B81808F4E}.AppStore|iPhone.Build.0 = Release|Any CPU
		{DEB4C867-4248-4097-9557-072B81808F4E}.AppStore|iPhone.Deploy.0 = Release|Any CPU
		{DEB4C867-4248-4097-9557-072B81808F4E}.AppStore|iPhoneSimulator.ActiveCfg = Release|Any CPU
		{DEB4C867-4248-4097-9557-072B81808F4E}.AppStore|iPhoneSimulator.Build.0 = Release|Any CPU
		{DEB4C867-4248-4097-9557-072B81808F4E}.AppStore|iPhoneSimulator.Deploy.0 = Release|Any CPU
		{DEB4C867-4248-4097-9557-072B81808F4E}.AppStore|x64.ActiveCfg = Release|Any CPU
		{DEB4C867-4248-4097-9557-072B81808F4E}.AppStore|x64.Build.0 = Release|Any CPU
		{DEB4C867-4248-4097-9557-072B81808F4E}.AppStore|x64.Deploy.0 = Release|Any CPU
		{DEB4C867-4248-4097-9557-072B81808F4E}.AppStore|x86.ActiveCfg = Release|Any CPU
		{DEB4C867-4248-4097-9557-072B81808F4E}.AppStore|x86.Build.0 = Release|Any CPU
		{DEB4C867-4248-4097-9557-072B81808F4E}.AppStore|x86.Deploy.0 = Release|Any CPU
		{DEB4C867-4248-4097-9557-072B81808F4E}.Debug|Any CPU.ActiveCfg = Debug|Any CPU
		{DEB4C867-4248-4097-9557-072B81808F4E}.Debug|Any CPU.Build.0 = Debug|Any CPU
		{DEB4C867-4248-4097-9557-072B81808F4E}.Debug|Any CPU.Deploy.0 = Debug|Any CPU
		{DEB4C867-4248-4097-9557-072B81808F4E}.Debug|ARM.ActiveCfg = Debug|Any CPU
		{DEB4C867-4248-4097-9557-072B81808F4E}.Debug|ARM.Build.0 = Debug|Any CPU
		{DEB4C867-4248-4097-9557-072B81808F4E}.Debug|ARM.Deploy.0 = Debug|Any CPU
		{DEB4C867-4248-4097-9557-072B81808F4E}.Debug|iPhone.ActiveCfg = Debug|Any CPU
		{DEB4C867-4248-4097-9557-072B81808F4E}.Debug|iPhone.Build.0 = Debug|Any CPU
		{DEB4C867-4248-4097-9557-072B81808F4E}.Debug|iPhone.Deploy.0 = Debug|Any CPU
		{DEB4C867-4248-4097-9557-072B81808F4E}.Debug|iPhoneSimulator.ActiveCfg = Debug|Any CPU
		{DEB4C867-4248-4097-9557-072B81808F4E}.Debug|iPhoneSimulator.Build.0 = Debug|Any CPU
		{DEB4C867-4248-4097-9557-072B81808F4E}.Debug|iPhoneSimulator.Deploy.0 = Debug|Any CPU
		{DEB4C867-4248-4097-9557-072B81808F4E}.Debug|x64.ActiveCfg = Debug|Any CPU
		{DEB4C867-4248-4097-9557-072B81808F4E}.Debug|x64.Build.0 = Debug|Any CPU
		{DEB4C867-4248-4097-9557-072B81808F4E}.Debug|x64.Deploy.0 = Debug|Any CPU
		{DEB4C867-4248-4097-9557-072B81808F4E}.Debug|x86.ActiveCfg = Debug|Any CPU
		{DEB4C867-4248-4097-9557-072B81808F4E}.Debug|x86.Build.0 = Debug|Any CPU
		{DEB4C867-4248-4097-9557-072B81808F4E}.Debug|x86.Deploy.0 = Debug|Any CPU
		{DEB4C867-4248-4097-9557-072B81808F4E}.Release|Any CPU.ActiveCfg = Release|Any CPU
		{DEB4C867-4248-4097-9557-072B81808F4E}.Release|Any CPU.Build.0 = Release|Any CPU
		{DEB4C867-4248-4097-9557-072B81808F4E}.Release|Any CPU.Deploy.0 = Release|Any CPU
		{DEB4C867-4248-4097-9557-072B81808F4E}.Release|ARM.ActiveCfg = Release|Any CPU
		{DEB4C867-4248-4097-9557-072B81808F4E}.Release|ARM.Build.0 = Release|Any CPU
		{DEB4C867-4248-4097-9557-072B81808F4E}.Release|ARM.Deploy.0 = Release|Any CPU
		{DEB4C867-4248-4097-9557-072B81808F4E}.Release|iPhone.ActiveCfg = Release|Any CPU
		{DEB4C867-4248-4097-9557-072B81808F4E}.Release|iPhone.Build.0 = Release|Any CPU
		{DEB4C867-4248-4097-9557-072B81808F4E}.Release|iPhone.Deploy.0 = Release|Any CPU
		{DEB4C867-4248-4097-9557-072B81808F4E}.Release|iPhoneSimulator.ActiveCfg = Release|Any CPU
		{DEB4C867-4248-4097-9557-072B81808F4E}.Release|iPhoneSimulator.Build.0 = Release|Any CPU
		{DEB4C867-4248-4097-9557-072B81808F4E}.Release|iPhoneSimulator.Deploy.0 = Release|Any CPU
		{DEB4C867-4248-4097-9557-072B81808F4E}.Release|x64.ActiveCfg = Release|Any CPU
		{DEB4C867-4248-4097-9557-072B81808F4E}.Release|x64.Build.0 = Release|Any CPU
		{DEB4C867-4248-4097-9557-072B81808F4E}.Release|x64.Deploy.0 = Release|Any CPU
		{DEB4C867-4248-4097-9557-072B81808F4E}.Release|x86.ActiveCfg = Release|Any CPU
		{DEB4C867-4248-4097-9557-072B81808F4E}.Release|x86.Build.0 = Release|Any CPU
		{DEB4C867-4248-4097-9557-072B81808F4E}.Release|x86.Deploy.0 = Release|Any CPU
		{5F90F0C1-C24F-4D82-9CE2-950CBC3D83FF}.Ad-Hoc|Any CPU.ActiveCfg = Release|Any CPU
		{5F90F0C1-C24F-4D82-9CE2-950CBC3D83FF}.Ad-Hoc|Any CPU.Build.0 = Release|Any CPU
		{5F90F0C1-C24F-4D82-9CE2-950CBC3D83FF}.Ad-Hoc|ARM.ActiveCfg = Release|Any CPU
		{5F90F0C1-C24F-4D82-9CE2-950CBC3D83FF}.Ad-Hoc|ARM.Build.0 = Release|Any CPU
		{5F90F0C1-C24F-4D82-9CE2-950CBC3D83FF}.Ad-Hoc|iPhone.ActiveCfg = Release|Any CPU
		{5F90F0C1-C24F-4D82-9CE2-950CBC3D83FF}.Ad-Hoc|iPhone.Build.0 = Release|Any CPU
		{5F90F0C1-C24F-4D82-9CE2-950CBC3D83FF}.Ad-Hoc|iPhoneSimulator.ActiveCfg = Release|Any CPU
		{5F90F0C1-C24F-4D82-9CE2-950CBC3D83FF}.Ad-Hoc|iPhoneSimulator.Build.0 = Release|Any CPU
		{5F90F0C1-C24F-4D82-9CE2-950CBC3D83FF}.Ad-Hoc|x64.ActiveCfg = Release|Any CPU
		{5F90F0C1-C24F-4D82-9CE2-950CBC3D83FF}.Ad-Hoc|x64.Build.0 = Release|Any CPU
		{5F90F0C1-C24F-4D82-9CE2-950CBC3D83FF}.Ad-Hoc|x86.ActiveCfg = Release|Any CPU
		{5F90F0C1-C24F-4D82-9CE2-950CBC3D83FF}.Ad-Hoc|x86.Build.0 = Release|Any CPU
		{5F90F0C1-C24F-4D82-9CE2-950CBC3D83FF}.AppStore|Any CPU.ActiveCfg = Release|Any CPU
		{5F90F0C1-C24F-4D82-9CE2-950CBC3D83FF}.AppStore|Any CPU.Build.0 = Release|Any CPU
		{5F90F0C1-C24F-4D82-9CE2-950CBC3D83FF}.AppStore|ARM.ActiveCfg = Release|Any CPU
		{5F90F0C1-C24F-4D82-9CE2-950CBC3D83FF}.AppStore|ARM.Build.0 = Release|Any CPU
		{5F90F0C1-C24F-4D82-9CE2-950CBC3D83FF}.AppStore|iPhone.ActiveCfg = Release|Any CPU
		{5F90F0C1-C24F-4D82-9CE2-950CBC3D83FF}.AppStore|iPhone.Build.0 = Release|Any CPU
		{5F90F0C1-C24F-4D82-9CE2-950CBC3D83FF}.AppStore|iPhoneSimulator.ActiveCfg = Release|Any CPU
		{5F90F0C1-C24F-4D82-9CE2-950CBC3D83FF}.AppStore|iPhoneSimulator.Build.0 = Release|Any CPU
		{5F90F0C1-C24F-4D82-9CE2-950CBC3D83FF}.AppStore|x64.ActiveCfg = Release|Any CPU
		{5F90F0C1-C24F-4D82-9CE2-950CBC3D83FF}.AppStore|x64.Build.0 = Release|Any CPU
		{5F90F0C1-C24F-4D82-9CE2-950CBC3D83FF}.AppStore|x86.ActiveCfg = Release|Any CPU
		{5F90F0C1-C24F-4D82-9CE2-950CBC3D83FF}.AppStore|x86.Build.0 = Release|Any CPU
		{5F90F0C1-C24F-4D82-9CE2-950CBC3D83FF}.Debug|Any CPU.ActiveCfg = Debug|Any CPU
		{5F90F0C1-C24F-4D82-9CE2-950CBC3D83FF}.Debug|Any CPU.Build.0 = Debug|Any CPU
		{5F90F0C1-C24F-4D82-9CE2-950CBC3D83FF}.Debug|ARM.ActiveCfg = Debug|Any CPU
		{5F90F0C1-C24F-4D82-9CE2-950CBC3D83FF}.Debug|ARM.Build.0 = Debug|Any CPU
		{5F90F0C1-C24F-4D82-9CE2-950CBC3D83FF}.Debug|iPhone.ActiveCfg = Debug|Any CPU
		{5F90F0C1-C24F-4D82-9CE2-950CBC3D83FF}.Debug|iPhone.Build.0 = Debug|Any CPU
		{5F90F0C1-C24F-4D82-9CE2-950CBC3D83FF}.Debug|iPhoneSimulator.ActiveCfg = Debug|Any CPU
		{5F90F0C1-C24F-4D82-9CE2-950CBC3D83FF}.Debug|iPhoneSimulator.Build.0 = Debug|Any CPU
		{5F90F0C1-C24F-4D82-9CE2-950CBC3D83FF}.Debug|x64.ActiveCfg = Debug|Any CPU
		{5F90F0C1-C24F-4D82-9CE2-950CBC3D83FF}.Debug|x64.Build.0 = Debug|Any CPU
		{5F90F0C1-C24F-4D82-9CE2-950CBC3D83FF}.Debug|x86.ActiveCfg = Debug|Any CPU
		{5F90F0C1-C24F-4D82-9CE2-950CBC3D83FF}.Debug|x86.Build.0 = Debug|Any CPU
		{5F90F0C1-C24F-4D82-9CE2-950CBC3D83FF}.Release|Any CPU.ActiveCfg = Release|Any CPU
		{5F90F0C1-C24F-4D82-9CE2-950CBC3D83FF}.Release|Any CPU.Build.0 = Release|Any CPU
		{5F90F0C1-C24F-4D82-9CE2-950CBC3D83FF}.Release|ARM.ActiveCfg = Release|Any CPU
		{5F90F0C1-C24F-4D82-9CE2-950CBC3D83FF}.Release|ARM.Build.0 = Release|Any CPU
		{5F90F0C1-C24F-4D82-9CE2-950CBC3D83FF}.Release|iPhone.ActiveCfg = Release|Any CPU
		{5F90F0C1-C24F-4D82-9CE2-950CBC3D83FF}.Release|iPhone.Build.0 = Release|Any CPU
		{5F90F0C1-C24F-4D82-9CE2-950CBC3D83FF}.Release|iPhoneSimulator.ActiveCfg = Release|Any CPU
		{5F90F0C1-C24F-4D82-9CE2-950CBC3D83FF}.Release|iPhoneSimulator.Build.0 = Release|Any CPU
		{5F90F0C1-C24F-4D82-9CE2-950CBC3D83FF}.Release|x64.ActiveCfg = Release|Any CPU
		{5F90F0C1-C24F-4D82-9CE2-950CBC3D83FF}.Release|x64.Build.0 = Release|Any CPU
		{5F90F0C1-C24F-4D82-9CE2-950CBC3D83FF}.Release|x86.ActiveCfg = Release|Any CPU
		{5F90F0C1-C24F-4D82-9CE2-950CBC3D83FF}.Release|x86.Build.0 = Release|Any CPU
		{E93244A6-3670-49A6-880B-A167BF3FE837}.Ad-Hoc|Any CPU.ActiveCfg = Release|x86
		{E93244A6-3670-49A6-880B-A167BF3FE837}.Ad-Hoc|Any CPU.Build.0 = Release|x86
		{E93244A6-3670-49A6-880B-A167BF3FE837}.Ad-Hoc|Any CPU.Deploy.0 = Release|x86
		{E93244A6-3670-49A6-880B-A167BF3FE837}.Ad-Hoc|ARM.ActiveCfg = Release|ARM
		{E93244A6-3670-49A6-880B-A167BF3FE837}.Ad-Hoc|ARM.Build.0 = Release|ARM
		{E93244A6-3670-49A6-880B-A167BF3FE837}.Ad-Hoc|ARM.Deploy.0 = Release|ARM
		{E93244A6-3670-49A6-880B-A167BF3FE837}.Ad-Hoc|iPhone.ActiveCfg = Release|x86
		{E93244A6-3670-49A6-880B-A167BF3FE837}.Ad-Hoc|iPhone.Build.0 = Release|x86
		{E93244A6-3670-49A6-880B-A167BF3FE837}.Ad-Hoc|iPhone.Deploy.0 = Release|x86
		{E93244A6-3670-49A6-880B-A167BF3FE837}.Ad-Hoc|iPhoneSimulator.ActiveCfg = Release|x86
		{E93244A6-3670-49A6-880B-A167BF3FE837}.Ad-Hoc|iPhoneSimulator.Build.0 = Release|x86
		{E93244A6-3670-49A6-880B-A167BF3FE837}.Ad-Hoc|iPhoneSimulator.Deploy.0 = Release|x86
		{E93244A6-3670-49A6-880B-A167BF3FE837}.Ad-Hoc|x64.ActiveCfg = Release|x64
		{E93244A6-3670-49A6-880B-A167BF3FE837}.Ad-Hoc|x64.Build.0 = Release|x64
		{E93244A6-3670-49A6-880B-A167BF3FE837}.Ad-Hoc|x64.Deploy.0 = Release|x64
		{E93244A6-3670-49A6-880B-A167BF3FE837}.Ad-Hoc|x86.ActiveCfg = Release|x86
		{E93244A6-3670-49A6-880B-A167BF3FE837}.Ad-Hoc|x86.Build.0 = Release|x86
		{E93244A6-3670-49A6-880B-A167BF3FE837}.Ad-Hoc|x86.Deploy.0 = Release|x86
		{E93244A6-3670-49A6-880B-A167BF3FE837}.AppStore|Any CPU.ActiveCfg = Release|x86
		{E93244A6-3670-49A6-880B-A167BF3FE837}.AppStore|Any CPU.Build.0 = Release|x86
		{E93244A6-3670-49A6-880B-A167BF3FE837}.AppStore|Any CPU.Deploy.0 = Release|x86
		{E93244A6-3670-49A6-880B-A167BF3FE837}.AppStore|ARM.ActiveCfg = Release|ARM
		{E93244A6-3670-49A6-880B-A167BF3FE837}.AppStore|ARM.Build.0 = Release|ARM
		{E93244A6-3670-49A6-880B-A167BF3FE837}.AppStore|ARM.Deploy.0 = Release|ARM
		{E93244A6-3670-49A6-880B-A167BF3FE837}.AppStore|iPhone.ActiveCfg = Release|x86
		{E93244A6-3670-49A6-880B-A167BF3FE837}.AppStore|iPhone.Build.0 = Release|x86
		{E93244A6-3670-49A6-880B-A167BF3FE837}.AppStore|iPhone.Deploy.0 = Release|x86
		{E93244A6-3670-49A6-880B-A167BF3FE837}.AppStore|iPhoneSimulator.ActiveCfg = Release|x86
		{E93244A6-3670-49A6-880B-A167BF3FE837}.AppStore|iPhoneSimulator.Build.0 = Release|x86
		{E93244A6-3670-49A6-880B-A167BF3FE837}.AppStore|iPhoneSimulator.Deploy.0 = Release|x86
		{E93244A6-3670-49A6-880B-A167BF3FE837}.AppStore|x64.ActiveCfg = Release|x64
		{E93244A6-3670-49A6-880B-A167BF3FE837}.AppStore|x64.Build.0 = Release|x64
		{E93244A6-3670-49A6-880B-A167BF3FE837}.AppStore|x64.Deploy.0 = Release|x64
		{E93244A6-3670-49A6-880B-A167BF3FE837}.AppStore|x86.ActiveCfg = Release|x86
		{E93244A6-3670-49A6-880B-A167BF3FE837}.AppStore|x86.Build.0 = Release|x86
		{E93244A6-3670-49A6-880B-A167BF3FE837}.AppStore|x86.Deploy.0 = Release|x86
		{E93244A6-3670-49A6-880B-A167BF3FE837}.Debug|Any CPU.ActiveCfg = Debug|x86
		{E93244A6-3670-49A6-880B-A167BF3FE837}.Debug|Any CPU.Build.0 = Debug|x86
		{E93244A6-3670-49A6-880B-A167BF3FE837}.Debug|Any CPU.Deploy.0 = Debug|x86
		{E93244A6-3670-49A6-880B-A167BF3FE837}.Debug|ARM.ActiveCfg = Debug|ARM
		{E93244A6-3670-49A6-880B-A167BF3FE837}.Debug|ARM.Build.0 = Debug|ARM
		{E93244A6-3670-49A6-880B-A167BF3FE837}.Debug|ARM.Deploy.0 = Debug|ARM
		{E93244A6-3670-49A6-880B-A167BF3FE837}.Debug|iPhone.ActiveCfg = Debug|x86
		{E93244A6-3670-49A6-880B-A167BF3FE837}.Debug|iPhoneSimulator.ActiveCfg = Debug|x86
		{E93244A6-3670-49A6-880B-A167BF3FE837}.Debug|x64.ActiveCfg = Debug|x64
		{E93244A6-3670-49A6-880B-A167BF3FE837}.Debug|x64.Build.0 = Debug|x64
		{E93244A6-3670-49A6-880B-A167BF3FE837}.Debug|x64.Deploy.0 = Debug|x64
		{E93244A6-3670-49A6-880B-A167BF3FE837}.Debug|x86.ActiveCfg = Debug|x86
		{E93244A6-3670-49A6-880B-A167BF3FE837}.Debug|x86.Build.0 = Debug|x86
		{E93244A6-3670-49A6-880B-A167BF3FE837}.Debug|x86.Deploy.0 = Debug|x86
		{E93244A6-3670-49A6-880B-A167BF3FE837}.Release|Any CPU.ActiveCfg = Release|x86
		{E93244A6-3670-49A6-880B-A167BF3FE837}.Release|ARM.ActiveCfg = Release|ARM
		{E93244A6-3670-49A6-880B-A167BF3FE837}.Release|ARM.Build.0 = Release|ARM
		{E93244A6-3670-49A6-880B-A167BF3FE837}.Release|ARM.Deploy.0 = Release|ARM
		{E93244A6-3670-49A6-880B-A167BF3FE837}.Release|iPhone.ActiveCfg = Release|x86
		{E93244A6-3670-49A6-880B-A167BF3FE837}.Release|iPhoneSimulator.ActiveCfg = Release|x86
		{E93244A6-3670-49A6-880B-A167BF3FE837}.Release|x64.ActiveCfg = Release|x64
		{E93244A6-3670-49A6-880B-A167BF3FE837}.Release|x64.Build.0 = Release|x64
		{E93244A6-3670-49A6-880B-A167BF3FE837}.Release|x64.Deploy.0 = Release|x64
		{E93244A6-3670-49A6-880B-A167BF3FE837}.Release|x86.ActiveCfg = Release|x86
		{E93244A6-3670-49A6-880B-A167BF3FE837}.Release|x86.Build.0 = Release|x86
		{E93244A6-3670-49A6-880B-A167BF3FE837}.Release|x86.Deploy.0 = Release|x86
		{0C0E10AA-67BF-4527-BA13-42DED8923BF7}.Ad-Hoc|Any CPU.ActiveCfg = Ad-Hoc|iPhone
		{0C0E10AA-67BF-4527-BA13-42DED8923BF7}.Ad-Hoc|ARM.ActiveCfg = Ad-Hoc|iPhone
		{0C0E10AA-67BF-4527-BA13-42DED8923BF7}.Ad-Hoc|iPhone.ActiveCfg = Ad-Hoc|iPhone
		{0C0E10AA-67BF-4527-BA13-42DED8923BF7}.Ad-Hoc|iPhone.Build.0 = Ad-Hoc|iPhone
		{0C0E10AA-67BF-4527-BA13-42DED8923BF7}.Ad-Hoc|iPhoneSimulator.ActiveCfg = Ad-Hoc|iPhoneSimulator
		{0C0E10AA-67BF-4527-BA13-42DED8923BF7}.Ad-Hoc|iPhoneSimulator.Build.0 = Ad-Hoc|iPhoneSimulator
		{0C0E10AA-67BF-4527-BA13-42DED8923BF7}.Ad-Hoc|x64.ActiveCfg = Ad-Hoc|iPhone
		{0C0E10AA-67BF-4527-BA13-42DED8923BF7}.Ad-Hoc|x86.ActiveCfg = Ad-Hoc|iPhone
		{0C0E10AA-67BF-4527-BA13-42DED8923BF7}.AppStore|Any CPU.ActiveCfg = AppStore|iPhone
		{0C0E10AA-67BF-4527-BA13-42DED8923BF7}.AppStore|ARM.ActiveCfg = AppStore|iPhone
		{0C0E10AA-67BF-4527-BA13-42DED8923BF7}.AppStore|iPhone.ActiveCfg = AppStore|iPhone
		{0C0E10AA-67BF-4527-BA13-42DED8923BF7}.AppStore|iPhone.Build.0 = AppStore|iPhone
		{0C0E10AA-67BF-4527-BA13-42DED8923BF7}.AppStore|iPhoneSimulator.ActiveCfg = AppStore|iPhoneSimulator
		{0C0E10AA-67BF-4527-BA13-42DED8923BF7}.AppStore|iPhoneSimulator.Build.0 = AppStore|iPhoneSimulator
		{0C0E10AA-67BF-4527-BA13-42DED8923BF7}.AppStore|x64.ActiveCfg = AppStore|iPhone
		{0C0E10AA-67BF-4527-BA13-42DED8923BF7}.AppStore|x86.ActiveCfg = AppStore|iPhone
		{0C0E10AA-67BF-4527-BA13-42DED8923BF7}.Debug|Any CPU.ActiveCfg = Debug|iPhone
		{0C0E10AA-67BF-4527-BA13-42DED8923BF7}.Debug|Any CPU.Build.0 = Debug|iPhone
		{0C0E10AA-67BF-4527-BA13-42DED8923BF7}.Debug|ARM.ActiveCfg = Debug|iPhone
		{0C0E10AA-67BF-4527-BA13-42DED8923BF7}.Debug|iPhone.ActiveCfg = Debug|iPhone
		{0C0E10AA-67BF-4527-BA13-42DED8923BF7}.Debug|iPhone.Build.0 = Debug|iPhone
		{0C0E10AA-67BF-4527-BA13-42DED8923BF7}.Debug|iPhoneSimulator.ActiveCfg = Debug|iPhoneSimulator
		{0C0E10AA-67BF-4527-BA13-42DED8923BF7}.Debug|iPhoneSimulator.Build.0 = Debug|iPhoneSimulator
		{0C0E10AA-67BF-4527-BA13-42DED8923BF7}.Debug|x64.ActiveCfg = Debug|iPhone
		{0C0E10AA-67BF-4527-BA13-42DED8923BF7}.Debug|x86.ActiveCfg = Debug|iPhone
		{0C0E10AA-67BF-4527-BA13-42DED8923BF7}.Release|Any CPU.ActiveCfg = Release|iPhone
		{0C0E10AA-67BF-4527-BA13-42DED8923BF7}.Release|ARM.ActiveCfg = Release|iPhone
		{0C0E10AA-67BF-4527-BA13-42DED8923BF7}.Release|iPhone.ActiveCfg = Release|iPhone
		{0C0E10AA-67BF-4527-BA13-42DED8923BF7}.Release|iPhone.Build.0 = Release|iPhone
		{0C0E10AA-67BF-4527-BA13-42DED8923BF7}.Release|iPhoneSimulator.ActiveCfg = Release|iPhoneSimulator
		{0C0E10AA-67BF-4527-BA13-42DED8923BF7}.Release|iPhoneSimulator.Build.0 = Release|iPhoneSimulator
		{0C0E10AA-67BF-4527-BA13-42DED8923BF7}.Release|x64.ActiveCfg = Release|iPhone
		{0C0E10AA-67BF-4527-BA13-42DED8923BF7}.Release|x86.ActiveCfg = Release|iPhone
	EndGlobalSection
	GlobalSection(SolutionProperties) = preSolution
		HideSolutionNode = FALSE
	EndGlobalSection
EndGlobal
